# THIS IS AN AUTOGENERATED FILE. DO NOT EDIT THIS FILE DIRECTLY.
# yarn lockfile v1


framer@^1:
  version "1.0.2"
  resolved "https://registry.yarnpkg.com/framer/-/framer-1.0.2.tgz#9d9a523e00f1e2b059f2b0b3ad850ff468fc53fe"
  integrity sha512-/EenhGgBTZA7CxmrUEz/8lCLVCs/BhbsUy+avGmxUbaZugOv7D4iJ9e44pYqqHpeDsAs8ulHUhrknp3RHxDrrA==
  dependencies:
    style-value-types "^3.1.4"

hey-listen@^1.0.8:
  version "1.0.8"
  resolved "https://registry.yarnpkg.com/hey-listen/-/hey-listen-1.0.8.tgz#8e59561ff724908de1aa924ed6ecc84a56a9aa68"
  integrity sha512-COpmrF2NOg4TBWUJ5UVyaCU2A88wEMkUPK4hNqyCkqHbxT92BbvfjoSozkAIIm6XhicGlJHhFdullInrdhwU8Q==

style-value-types@^3.1.4:
  version "3.1.4"
  resolved "https://registry.yarnpkg.com/style-value-types/-/style-value-types-3.1.4.tgz#8c0959d26405eb0cbad40097b496220d41c22169"
  integrity sha512-jHxRZWQpx6imY+QIveHTZwGOJWJqX3Cmt6Yk1zCGeQjk4noEsX+lfvFJUmRPpZL3VTrfGrHtjVWTcvcHx/OFhQ==
  dependencies:
    hey-listen "^1.0.8"
