# THIS IS AN AUTOGENERATED FILE. DO NOT EDIT THIS FILE DIRECTLY.
# yarn lockfile v1


"@framer/framer.device-skin-apple-ipad-mini-silver@^1.0.0":
  version "1.0.0"
  resolved "https://registry.framer.com/@framer/framer.device-skin-apple-ipad-mini-silver/-/@framer/framer.device-skin-apple-ipad-mini-silver-1.0.0.tgz#756551e8bd0f10286e66a2b541f2b20acce8fa8f"
  integrity sha512-Qt7R3RiQR3etZJYQMnbHbxVGTGAhLR5xgGD4JiWDQn+gdEb9yzjHNOOPyrQoglFze+Z0vL+DX4Gi4zT3KRpHhA==

"@framer/framer.device-skin-apple-ipad-mini-space-gray@^1.0.0":
  version "1.0.0"
  resolved "https://registry.framer.com/@framer/framer.device-skin-apple-ipad-mini-space-gray/-/@framer/framer.device-skin-apple-ipad-mini-space-gray-1.0.0.tgz#e96f4131d4acf6549d1d5ab2553a469af20a3898"
  integrity sha512-tSz7p6mpOZZTgJcBzNT/qa/2HJ408tjCy61JebAYt3mg2G65JM8QR8gs8IeGGRdeeTWHcPEE5tI2YgMEdmPYyw==

"@framer/framer.device-skin-apple-ipad-pro-space-gray@^1.0.0":
  version "1.0.0"
  resolved "https://registry.framer.com/@framer/framer.device-skin-apple-ipad-pro-space-gray/-/@framer/framer.device-skin-apple-ipad-pro-space-gray-1.0.0.tgz#7875c04537ae0b32bf63e6fff7227156aa5b9d7c"
  integrity sha512-QL0rGTDQidtMivea6cmrqLTIoPGMoPeCEMwAFRWD2HC9wQ1XRzs/iad47huB866TRU8jPeuJYQ9+kbJSKCh3ng==

"@framer/framer.device-skin-apple-iphone-xs-spacegrey@^1.0.0":
  version "1.0.0"
  resolved "https://registry.framer.com/@framer/framer.device-skin-apple-iphone-xs-spacegrey/-/@framer/framer.device-skin-apple-iphone-xs-spacegrey-1.0.0.tgz#d9f524f5a6a4afe8cb413c00f3f16fe4d52ee09e"
  integrity sha512-BWmGnCvnPmYel3ytJ1eiNxugHTj3e7eiih8L1b3RZtB4ZjgF6HiCMp+nsB0wAOJrMS2sA+fEYMDzxqybX9Dukg==

"@framer/steveruizok.learn-mapbox@^1.0.0":
  version "1.0.0"
  resolved "https://registry.framer.com/@framer/steveruizok.learn-mapbox/-/@framer/steveruizok.learn-mapbox-1.0.0.tgz#cef10ec1306f8e99d4100ca7b23923711a54291a"
  integrity sha512-AhV53DUkq6VqxVjS0QAP17h9JUe3EoFeiCj7sZQjtbXEd9C/GM3+JdSXGCHfYnygohp+vMmE3tjUE7ErQf7mRA==
  dependencies:
    "@mapbox/geo-viewport" "^0.4.0"
    copy-to-clipboard "^3.2.0"
    geojson-extent "^0.3.2"
    mapbox-gl "^1.3.1"

"@framer/steveruizok.mapbox-experiment@^1.15.0":
  version "1.15.0"
  resolved "https://registry.framer.com/@framer/steveruizok.mapbox-experiment/-/@framer/steveruizok.mapbox-experiment-1.15.0.tgz#7acf4e5b01af8f15cc07eae9653ccc79b7f07370"
  integrity sha512-ErlRgdlf7e+vWOuYn17o1Is4PvKlvVwE4ixdw/MOWpUyD/xdZdMFa1uftVOAI/EWovZPI9oVElGPlJeHGNmIYQ==
  dependencies:
    "@mapbox/geo-viewport" "^0.4.0"
    "@types/mapbox-gl" "^0.51.4"
    copy-to-clipboard "^3.2.0"
    geojson-extent "^0.3.2"
    mapbox-gl "^0.53.1"

"@mapbox/geo-viewport@^0.4.0":
  version "0.4.0"
  resolved "https://registry.yarnpkg.com/@mapbox/geo-viewport/-/geo-viewport-0.4.0.tgz#0a8dc5812d3be12c778d6545b2f3f4dec9c633da"
  integrity sha512-5OAXoP8C96Co3UDIzFliSzrK5njb9oG2H/RTMaZUW1swxIZlj3n3A5ccep5XAEIhTWxBLg/Cz48D3rUbAdXwHQ==
  dependencies:
    "@mapbox/sphericalmercator" "~1.1.0"

"@mapbox/geojson-area@0.2.2":
  version "0.2.2"
  resolved "https://registry.yarnpkg.com/@mapbox/geojson-area/-/geojson-area-0.2.2.tgz#18d7814aa36bf23fbbcc379f8e26a22927debf10"
  integrity sha1-GNeBSqNr8j+7zDefjiaiKSfevxA=
  dependencies:
    wgs84 "0.0.0"

"@mapbox/geojson-rewind@^0.4.0":
  version "0.4.0"
  resolved "https://registry.yarnpkg.com/@mapbox/geojson-rewind/-/geojson-rewind-0.4.0.tgz#0d3632d4c1b4a928cf10a06ade387e1c8a8c181b"
  integrity sha512-b+1uPWBERW4Pet/969BNu61ZPDyH2ilIxBjJDFzxyS9TyszF9UrTQyYIl/G38clux3rtpAGGFSGTCSF/qR6UjA==
  dependencies:
    "@mapbox/geojson-area" "0.2.2"
    concat-stream "~1.6.0"
    minimist "1.2.0"
    sharkdown "^0.1.0"

"@mapbox/geojson-types@^1.0.2":
  version "1.0.2"
  resolved "https://registry.yarnpkg.com/@mapbox/geojson-types/-/geojson-types-1.0.2.tgz#9aecf642cb00eab1080a57c4f949a65b4a5846d6"
  integrity sha512-e9EBqHHv3EORHrSfbR9DqecPNn+AmuAoQxV6aL8Xu30bJMJR1o8PZLZzpk1Wq7/NfCbuhmakHTPYRhoqLsXRnw==

"@mapbox/jsonlint-lines-primitives@^2.0.2":
  version "2.0.2"
  resolved "https://registry.yarnpkg.com/@mapbox/jsonlint-lines-primitives/-/jsonlint-lines-primitives-2.0.2.tgz#ce56e539f83552b58d10d672ea4d6fc9adc7b234"
  integrity sha1-zlblOfg1UrWNENZy6k1vya3HsjQ=

"@mapbox/mapbox-gl-supported@^1.4.0":
  version "1.4.0"
  resolved "https://registry.yarnpkg.com/@mapbox/mapbox-gl-supported/-/mapbox-gl-supported-1.4.0.tgz#36946b22944fe2cfa43cfafd5ef36fdb54a069e4"
  integrity sha512-ZD0Io4XK+/vU/4zpANjOtdWfVszAgnaMPsGR6LKsWh4kLIEv9qoobTVmJPPuwuM+ZI2b3BlZ6DYw1XHVmv6YTA==

"@mapbox/point-geometry@0.1.0", "@mapbox/point-geometry@^0.1.0", "@mapbox/point-geometry@~0.1.0":
  version "0.1.0"
  resolved "https://registry.yarnpkg.com/@mapbox/point-geometry/-/point-geometry-0.1.0.tgz#8a83f9335c7860effa2eeeca254332aa0aeed8f2"
  integrity sha1-ioP5M1x4YO/6Lu7KJUMyqgru2PI=

"@mapbox/sphericalmercator@~1.1.0":
  version "1.1.0"
  resolved "https://registry.yarnpkg.com/@mapbox/sphericalmercator/-/sphericalmercator-1.1.0.tgz#f3b1af042620716a1289fc41e1e97f610823aefe"
  integrity sha512-pEsfZyG4OMThlfFQbCte4gegvHUjxXCjz0KZ4Xk8NdOYTQBLflj6U8PL05RPAiuRAMAQNUUKJuL6qYZ5Y4kAWA==

"@mapbox/tiny-sdf@^1.1.0":
  version "1.1.0"
  resolved "https://registry.yarnpkg.com/@mapbox/tiny-sdf/-/tiny-sdf-1.1.0.tgz#b0b8f5c22005e6ddb838f421ffd257c1f74f9a20"
  integrity sha512-dnhyk8X2BkDRWImgHILYAGgo+kuciNYX30CUKj/Qd5eNjh54OWM/mdOS/PWsPeN+3abtN+QDGYM4G220ynVJKA==

"@mapbox/unitbezier@^0.0.0":
  version "0.0.0"
  resolved "https://registry.yarnpkg.com/@mapbox/unitbezier/-/unitbezier-0.0.0.tgz#15651bd553a67b8581fb398810c98ad86a34524e"
  integrity sha1-FWUb1VOme4WB+zmIEMmK2Go0Uk4=

"@mapbox/vector-tile@^1.3.1":
  version "1.3.1"
  resolved "https://registry.yarnpkg.com/@mapbox/vector-tile/-/vector-tile-1.3.1.tgz#d3a74c90402d06e89ec66de49ec817ff53409666"
  integrity sha512-MCEddb8u44/xfQ3oD+Srl/tNcQoqTw3goGk2oLsrFxOTc3dUp+kAnby3PvAeeBYSMSjSPD1nd1AJA6W49WnoUw==
  dependencies:
    "@mapbox/point-geometry" "~0.1.0"

"@mapbox/whoots-js@^3.1.0":
  version "3.1.0"
  resolved "https://registry.yarnpkg.com/@mapbox/whoots-js/-/whoots-js-3.1.0.tgz#497c67a1cef50d1a2459ba60f315e448d2ad87fe"
  integrity sha512-Es6WcD0nO5l+2BOQS4uLfNPYQaNDfbot3X1XUoloz+x0mPDS3eeORZJl06HXjwBG1fOGwCRnzK88LMdxKRrd6Q==

"@types/geojson@*":
  version "7946.0.7"
  resolved "https://registry.yarnpkg.com/@types/geojson/-/geojson-7946.0.7.tgz#c8fa532b60a0042219cdf173ca21a975ef0666ad"
  integrity sha512-wE2v81i4C4Ol09RtsWFAqg3BUitWbHSpSlIo+bNdsCJijO9sjme+zm+73ZMCa/qMC8UEERxzGbvmr1cffo2SiQ==

"@types/mapbox-gl@^0.51.4":
  version "0.51.4"
  resolved "https://registry.yarnpkg.com/@types/mapbox-gl/-/mapbox-gl-0.51.4.tgz#74ae72af6ea8fcead9a85b44d408e8bc97f91bb5"
  integrity sha512-+MqOB1O81rBKPE0mobvgfMs7FugtNnZY42y4sOHj/ljyoIiidyAQ+N27Jd5eTZ8arLAMzbxmDJ0s5oukAgZroQ==
  dependencies:
    "@types/geojson" "*"

"@types/prop-types@*":
  version "15.7.0"
  resolved "https://registry.yarnpkg.com/@types/prop-types/-/prop-types-15.7.0.tgz#4c48fed958d6dcf9487195a0ef6456d5f6e0163a"
  integrity sha512-eItQyV43bj4rR3JPV0Skpl1SncRCdziTEK9/v8VwXmV6d/qOUO8/EuWeHBbCZcsfSHfzI5UyMJLCSXtxxznyZg==

"@types/react@^16.8":
  version "16.8.4"
  resolved "https://registry.yarnpkg.com/@types/react/-/react-16.8.4.tgz#134307f5266e866d5e7c25e47f31f9abd5b2ea34"
  integrity sha512-Mpz1NNMJvrjf0GcDqiK8+YeOydXfD8Mgag3UtqQ5lXYTsMnOiHcKmO48LiSWMb1rSHB9MV/jlgyNzeAVxWMZRQ==
  dependencies:
    "@types/prop-types" "*"
    csstype "^2.2.0"

ansicolors@~0.2.1:
  version "0.2.1"
  resolved "https://registry.yarnpkg.com/ansicolors/-/ansicolors-0.2.1.tgz#be089599097b74a5c9c4a84a0cdbcdb62bd87aef"
  integrity sha1-vgiVmQl7dKXJxKhKDNvNtivYeu8=

base64-js@0.0.2:
  version "0.0.2"
  resolved "https://registry.yarnpkg.com/base64-js/-/base64-js-0.0.2.tgz#024f0f72afa25b75f9c0ee73cd4f55ec1bed9784"
  integrity sha1-Ak8Pcq+iW3X5wO5zzU9V7Bvtl4Q=

bops@0.0.6:
  version "0.0.6"
  resolved "https://registry.yarnpkg.com/bops/-/bops-0.0.6.tgz#082d1d55fa01e60dbdc2ebc2dba37f659554cf3a"
  integrity sha1-CC0dVfoB5g29wuvC26N/ZZVUzzo=
  dependencies:
    base64-js "0.0.2"
    to-utf8 "0.0.1"

buffer-from@^1.0.0:
  version "1.1.1"
  resolved "https://registry.yarnpkg.com/buffer-from/-/buffer-from-1.1.1.tgz#32713bc028f75c02fdb710d7c7bcec1f2c6070ef"
  integrity sha512-MQcXEUbCKtEo7bhqEs6560Hyd4XaovZlO/k9V3hjVUF/zwW7KBVdSK4gIt/bzwS9MbR5qob+F5jusZsb0YQK2A==

cardinal@~0.4.2:
  version "0.4.4"
  resolved "https://registry.yarnpkg.com/cardinal/-/cardinal-0.4.4.tgz#ca5bb68a5b511b90fe93b9acea49bdee5c32bfe2"
  integrity sha1-ylu2iltRG5D+k7ms6km97lwyv+I=
  dependencies:
    ansicolors "~0.2.1"
    redeyed "~0.4.0"

concat-stream@~1.2.1:
  version "1.2.1"
  resolved "https://registry.yarnpkg.com/concat-stream/-/concat-stream-1.2.1.tgz#f35100b6c46378bfba8b6b80f9f0d0ccdf13dc60"
  integrity sha1-81EAtsRjeL+6i2uA+fDQzN8T3GA=
  dependencies:
    bops "0.0.6"

concat-stream@~1.6.0:
  version "1.6.2"
  resolved "https://registry.yarnpkg.com/concat-stream/-/concat-stream-1.6.2.tgz#904bdf194cd3122fc675c77fc4ac3d4ff0fd1a34"
  integrity sha512-27HBghJxjiZtIk3Ycvn/4kbJk/1uZuJFfuPEns6LaEvpvG1f0hTea8lilrouyo9mVc2GWdcEZ8OLoGmSADlrCw==
  dependencies:
    buffer-from "^1.0.0"
    inherits "^2.0.3"
    readable-stream "^2.2.2"
    typedarray "^0.0.6"

copy-to-clipboard@^3.2.0:
  version "3.2.0"
  resolved "https://registry.yarnpkg.com/copy-to-clipboard/-/copy-to-clipboard-3.2.0.tgz#d2724a3ccbfed89706fac8a894872c979ac74467"
  integrity sha512-eOZERzvCmxS8HWzugj4Uxl8OJxa7T2k1Gi0X5qavwydHIfuSHq2dTD09LOg/XyGq4Zpb5IsR/2OJ5lbOegz78w==
  dependencies:
    toggle-selection "^1.0.6"

core-util-is@~1.0.0:
  version "1.0.2"
  resolved "https://registry.yarnpkg.com/core-util-is/-/core-util-is-1.0.2.tgz#b5fd54220aa2bc5ab57aab7140c940754503c1a7"
  integrity sha1-tf1UIgqivFq1eqtxQMlAdUUDwac=

csscolorparser@~1.0.2:
  version "1.0.3"
  resolved "https://registry.yarnpkg.com/csscolorparser/-/csscolorparser-1.0.3.tgz#b34f391eea4da8f3e98231e2ccd8df9c041f171b"
  integrity sha1-s085HupNqPPpgjHizNjfnAQfFxs=

csstype@^2.2.0:
  version "2.6.1"
  resolved "https://registry.yarnpkg.com/csstype/-/csstype-2.6.1.tgz#4cfbf637a577497036ebcd7e32647ef19a0b8076"
  integrity sha512-wv7IRqCGsL7WGKB8gPvrl+++HlFM9kxAM6jL1EXNPNTshEJYilMkbfS2SnuHha77uosp/YVK0wAp2jmlBzn1tg==

earcut@^2.1.5:
  version "2.1.5"
  resolved "https://registry.yarnpkg.com/earcut/-/earcut-2.1.5.tgz#829280a9a3a0f5fee0529f0a47c3e4eff09b21e4"
  integrity sha512-QFWC7ywTVLtvRAJTVp8ugsuuGQ5mVqNmJ1cRYeLrSHgP3nycr2RHTJob9OtM0v8ujuoKN0NY1a93J/omeTL1PA==

esm@^3.0.84:
  version "3.2.22"
  resolved "https://registry.yarnpkg.com/esm/-/esm-3.2.22.tgz#5062c2e22fee3ccfee4e8f20da768330da90d6e3"
  integrity sha512-z8YG7U44L82j1XrdEJcqZOLUnjxco8pO453gKOlaMD1/md1n/5QrscAmYG+oKUspsmDLuBFZrpbxI6aQ67yRxA==

esprima@~1.0.4:
  version "1.0.4"
  resolved "https://registry.yarnpkg.com/esprima/-/esprima-1.0.4.tgz#9f557e08fc3b4d26ece9dd34f8fbf476b62585ad"
  integrity sha1-n1V+CPw7TSbs6d00+Pv0drYlha0=

extent@0.2.0:
  version "0.2.0"
  resolved "https://registry.yarnpkg.com/extent/-/extent-0.2.0.tgz#efad0869682d3628bdbeeb140c1f4d0023e6bec4"
  integrity sha1-760IaWgtNii9vusUDB9NACPmvsQ=

geojson-coords@0.0.0:
  version "0.0.0"
  resolved "https://registry.yarnpkg.com/geojson-coords/-/geojson-coords-0.0.0.tgz#dcdba86612da6be6b9511f16f38e90fcccb6dd75"
  integrity sha1-3NuoZhLaa+a5UR8W846Q/My23XU=
  dependencies:
    geojson-flatten "~0.1.0"
    geojson-normalize "0.0.0"

geojson-extent@^0.3.2:
  version "0.3.2"
  resolved "https://registry.yarnpkg.com/geojson-extent/-/geojson-extent-0.3.2.tgz#2ee5f3fabf0c7659c0509e05782910dfe1df27e8"
  integrity sha1-LuXz+r8MdlnAUJ4FeCkQ3+HfJ+g=
  dependencies:
    extent "0.2.0"
    geojson-coords "0.0.0"
    rw "~0.1.4"
    traverse "~0.6.6"

geojson-flatten@~0.1.0:
  version "0.1.0"
  resolved "https://registry.yarnpkg.com/geojson-flatten/-/geojson-flatten-0.1.0.tgz#c1c6f96bbb5713114c9b14a0b4ba80f47e4622cb"
  integrity sha1-wcb5a7tXExFMmxSgtLqA9H5GIss=
  dependencies:
    concat-stream "~1.2.1"
    minimist "0.0.5"
    sharkdown "~0.1.0"

geojson-normalize@0.0.0:
  version "0.0.0"
  resolved "https://registry.yarnpkg.com/geojson-normalize/-/geojson-normalize-0.0.0.tgz#2dbc3678cd1b31b8179e876bda70cd120dde35c0"
  integrity sha1-Lbw2eM0bMbgXnodr2nDNEg3eNcA=

geojson-vt@^3.2.1:
  version "3.2.1"
  resolved "https://registry.yarnpkg.com/geojson-vt/-/geojson-vt-3.2.1.tgz#f8adb614d2c1d3f6ee7c4265cad4bbf3ad60c8b7"
  integrity sha512-EvGQQi/zPrDA6zr6BnJD/YhwAkBP8nnJ9emh3EnHQKVMfg/MRVtPbMYdgVy/IaEmn4UfagD2a6fafPDL5hbtwg==

gl-matrix@^3.0.0:
  version "3.0.0"
  resolved "https://registry.yarnpkg.com/gl-matrix/-/gl-matrix-3.0.0.tgz#888301ac7650e148c3865370e13ec66d08a8381f"
  integrity sha512-PD4mVH/C/Zs64kOozeFnKY8ybhgwxXXQYGWdB4h68krAHknWJgk9uKOn6z8YElh5//vs++90pb6csrTIDWnexA==

grid-index@^1.1.0:
  version "1.1.0"
  resolved "https://registry.yarnpkg.com/grid-index/-/grid-index-1.1.0.tgz#97f8221edec1026c8377b86446a7c71e79522ea7"
  integrity sha512-HZRwumpOGUrHyxO5bqKZL0B0GlUpwtCAzZ42sgxUPniu33R1LSFH5yrIcBCHjkctCAh3mtWKcKd9J4vDDdeVHA==

ieee754@^1.1.12:
  version "1.1.13"
  resolved "https://registry.yarnpkg.com/ieee754/-/ieee754-1.1.13.tgz#ec168558e95aa181fd87d37f55c32bbcb6708b84"
  integrity sha512-4vf7I2LYV/HaWerSo3XmlMkp5eZ83i+/CDluXi/IGTs/O1sejBNhTtnxzmRZfvOUqj7lZjqHkeTvpgSFDlWZTg==

inherits@^2.0.3, inherits@~2.0.3:
  version "2.0.3"
  resolved "https://registry.yarnpkg.com/inherits/-/inherits-2.0.3.tgz#633c2c83e3da42a502f52466022480f4208261de"
  integrity sha1-Yzwsg+PaQqUC9SRmAiSA9CCCYd4=

isarray@~1.0.0:
  version "1.0.0"
  resolved "https://registry.yarnpkg.com/isarray/-/isarray-1.0.0.tgz#bb935d48582cba168c06834957a54a3e07124f11"
  integrity sha1-u5NdSFgsuhaMBoNJV6VKPgcSTxE=

kdbush@^3.0.0:
  version "3.0.0"
  resolved "https://registry.yarnpkg.com/kdbush/-/kdbush-3.0.0.tgz#f8484794d47004cc2d85ed3a79353dbe0abc2bf0"
  integrity sha512-hRkd6/XW4HTsA9vjVpY9tuXJYLSlelnkTmVFu4M9/7MIYQtFcHpbugAU7UbOfjOiVSVYl2fqgBuJ32JUmRo5Ew==

mapbox-gl@^0.53.1:
  version "0.53.1"
  resolved "https://registry.yarnpkg.com/mapbox-gl/-/mapbox-gl-0.53.1.tgz#08a956d8da54b04bc7f29ab1319bddb9c97ddedf"
  integrity sha512-dTtW/qlkUowKGlqOhE8fqII2Tj4lcokvlZwUDLnkjy4uQ9zMFnVBULGeSzzTVkj9HtQZ3Zbey10/jmoVPV9t5w==
  dependencies:
    "@mapbox/geojson-rewind" "^0.4.0"
    "@mapbox/geojson-types" "^1.0.2"
    "@mapbox/jsonlint-lines-primitives" "^2.0.2"
    "@mapbox/mapbox-gl-supported" "^1.4.0"
    "@mapbox/point-geometry" "^0.1.0"
    "@mapbox/tiny-sdf" "^1.1.0"
    "@mapbox/unitbezier" "^0.0.0"
    "@mapbox/vector-tile" "^1.3.1"
    "@mapbox/whoots-js" "^3.1.0"
    csscolorparser "~1.0.2"
    earcut "^2.1.5"
    esm "^3.0.84"
    geojson-vt "^3.2.1"
    gl-matrix "^3.0.0"
    grid-index "^1.1.0"
    minimist "0.0.8"
    murmurhash-js "^1.0.0"
    pbf "^3.0.5"
    potpack "^1.0.1"
    quickselect "^2.0.0"
    rw "^1.3.3"
    supercluster "^6.0.1"
    tinyqueue "^2.0.0"
    vt-pbf "^3.1.1"

mapbox-gl@^1.3.1:
  version "1.3.2"
  resolved "https://registry.yarnpkg.com/mapbox-gl/-/mapbox-gl-1.3.2.tgz#6e9197485de7c0c71b1fd30e5e8e7e3824bc35dd"
  integrity sha512-6Ro7GbTMWxcbc836m6rbBNkesgTncbE1yXWeuHlr89esSqaItKr0+ntOu8rZie3fv+GtitkbODysXzIGCA7G+w==
  dependencies:
    "@mapbox/geojson-rewind" "^0.4.0"
    "@mapbox/geojson-types" "^1.0.2"
    "@mapbox/jsonlint-lines-primitives" "^2.0.2"
    "@mapbox/mapbox-gl-supported" "^1.4.0"
    "@mapbox/point-geometry" "^0.1.0"
    "@mapbox/tiny-sdf" "^1.1.0"
    "@mapbox/unitbezier" "^0.0.0"
    "@mapbox/vector-tile" "^1.3.1"
    "@mapbox/whoots-js" "^3.1.0"
    csscolorparser "~1.0.2"
    earcut "^2.1.5"
    geojson-vt "^3.2.1"
    gl-matrix "^3.0.0"
    grid-index "^1.1.0"
    minimist "0.0.8"
    murmurhash-js "^1.0.0"
    pbf "^3.0.5"
    potpack "^1.0.1"
    quickselect "^2.0.0"
    rw "^1.3.3"
    supercluster "^6.0.1"
    tinyqueue "^2.0.0"
    vt-pbf "^3.1.1"

minimist@0.0.5:
  version "0.0.5"
  resolved "https://registry.yarnpkg.com/minimist/-/minimist-0.0.5.tgz#d7aa327bcecf518f9106ac6b8f003fa3bcea8566"
  integrity sha1-16oye87PUY+RBqxrjwA/o7zqhWY=

minimist@0.0.8:
  version "0.0.8"
  resolved "https://registry.yarnpkg.com/minimist/-/minimist-0.0.8.tgz#857fcabfc3397d2625b8228262e86aa7a011b05d"
  integrity sha1-hX/Kv8M5fSYluCKCYuhqp6ARsF0=

minimist@1.2.0:
  version "1.2.0"
  resolved "https://registry.yarnpkg.com/minimist/-/minimist-1.2.0.tgz#a35008b20f41383eec1fb914f4cd5df79a264284"
  integrity sha1-o1AIsg9BOD7sH7kU9M1d95omQoQ=

murmurhash-js@^1.0.0:
  version "1.0.0"
  resolved "https://registry.yarnpkg.com/murmurhash-js/-/murmurhash-js-1.0.0.tgz#b06278e21fc6c37fa5313732b0412bcb6ae15f51"
  integrity sha1-sGJ44h/Gw3+lMTcysEEry2rhX1E=

pbf@^3.0.5:
  version "3.2.0"
  resolved "https://registry.yarnpkg.com/pbf/-/pbf-3.2.0.tgz#e76f9f5114e395c25077ad6fe463b3507d6877fc"
  integrity sha512-98Eh7rsJNJF/Im6XYMLaOW3cLnNyedlOd6hu3iWMD5I7FZGgpw8yN3vQBrmLbLodu7G784Irb9Qsv2yFrxSAGw==
  dependencies:
    ieee754 "^1.1.12"
    resolve-protobuf-schema "^2.1.0"

potpack@^1.0.1:
  version "1.0.1"
  resolved "https://registry.yarnpkg.com/potpack/-/potpack-1.0.1.tgz#d1b1afd89e4c8f7762865ec30bd112ab767e2ebf"
  integrity sha512-15vItUAbViaYrmaB/Pbw7z6qX2xENbFSTA7Ii4tgbPtasxm5v6ryKhKtL91tpWovDJzTiZqdwzhcFBCwiMVdVw==

process-nextick-args@~2.0.0:
  version "2.0.0"
  resolved "https://registry.yarnpkg.com/process-nextick-args/-/process-nextick-args-2.0.0.tgz#a37d732f4271b4ab1ad070d35508e8290788ffaa"
  integrity sha512-MtEC1TqN0EU5nephaJ4rAtThHtC86dNN9qCuEhtshvpVBkAW5ZO7BASN9REnF9eoXGcRub+pFuKEpOHE+HbEMw==

protocol-buffers-schema@^3.3.1:
  version "3.3.2"
  resolved "https://registry.yarnpkg.com/protocol-buffers-schema/-/protocol-buffers-schema-3.3.2.tgz#00434f608b4e8df54c59e070efeefc37fb4bb859"
  integrity sha512-Xdayp8sB/mU+sUV4G7ws8xtYMGdQnxbeIfLjyO9TZZRJdztBGhlmbI5x1qcY4TG5hBkIKGnc28i7nXxaugu88w==

quickselect@^2.0.0:
  version "2.0.0"
  resolved "https://registry.yarnpkg.com/quickselect/-/quickselect-2.0.0.tgz#f19680a486a5eefb581303e023e98faaf25dd018"
  integrity sha512-RKJ22hX8mHe3Y6wH/N3wCM6BWtjaxIyyUIkpHOvfFnxdI4yD4tBXEBKSbriGujF6jnSVkJrffuo6vxACiSSxIw==

readable-stream@^2.2.2:
  version "2.3.6"
  resolved "https://registry.yarnpkg.com/readable-stream/-/readable-stream-2.3.6.tgz#b11c27d88b8ff1fbe070643cf94b0c79ae1b0aaf"
  integrity sha512-tQtKA9WIAhBF3+VLAseyMqZeBjW0AHJoxOtYqSUZNJxauErmLbVm2FW1y+J/YA9dUrAC39ITejlZWhVIwawkKw==
  dependencies:
    core-util-is "~1.0.0"
    inherits "~2.0.3"
    isarray "~1.0.0"
    process-nextick-args "~2.0.0"
    safe-buffer "~5.1.1"
    string_decoder "~1.1.1"
    util-deprecate "~1.0.1"

redeyed@~0.4.0:
  version "0.4.4"
  resolved "https://registry.yarnpkg.com/redeyed/-/redeyed-0.4.4.tgz#37e990a6f2b21b2a11c2e6a48fd4135698cba97f"
  integrity sha1-N+mQpvKyGyoRwuakj9QTVpjLqX8=
  dependencies:
    esprima "~1.0.4"

resolve-protobuf-schema@^2.1.0:
  version "2.1.0"
  resolved "https://registry.yarnpkg.com/resolve-protobuf-schema/-/resolve-protobuf-schema-2.1.0.tgz#9ca9a9e69cf192bbdaf1006ec1973948aa4a3758"
  integrity sha512-kI5ffTiZWmJaS/huM8wZfEMer1eRd7oJQhDuxeCLe3t7N7mX3z94CN0xPxBQxFYQTSNz9T0i+v6inKqSdK8xrQ==
  dependencies:
    protocol-buffers-schema "^3.3.1"

rw@^1.3.3:
  version "1.3.3"
  resolved "https://registry.yarnpkg.com/rw/-/rw-1.3.3.tgz#3f862dfa91ab766b14885ef4d01124bfda074fb4"
  integrity sha1-P4Yt+pGrdmsUiF700BEkv9oHT7Q=

rw@~0.1.4:
  version "0.1.4"
  resolved "https://registry.yarnpkg.com/rw/-/rw-0.1.4.tgz#4903cbd80248ae0ede685bf58fd236a7a9b29a3e"
  integrity sha1-SQPL2AJIrg7eaFv1j9I2p6mymj4=

safe-buffer@~5.1.0, safe-buffer@~5.1.1:
  version "5.1.2"
  resolved "https://registry.yarnpkg.com/safe-buffer/-/safe-buffer-5.1.2.tgz#991ec69d296e0313747d59bdfd2b745c35f8828d"
  integrity sha512-Gd2UZBJDkXlY7GbJxfsE8/nvKkUEU1G38c1siN6QP6a9PT9MmHB8GnpscSmMJSoF8LOIrt8ud/wPtojys4G6+g==

sharkdown@^0.1.0, sharkdown@~0.1.0:
  version "0.1.1"
  resolved "https://registry.yarnpkg.com/sharkdown/-/sharkdown-0.1.1.tgz#64484bd0f08f347f8319e9ff947a670f6b48b1b2"
  integrity sha512-exwooSpmo5s45lrexgz6Q0rFQM574wYIX3iDZ7RLLqOb7IAoQZu9nxlZODU972g19sR69OIpKP2cpHTzU+PHIg==
  dependencies:
    cardinal "~0.4.2"
    minimist "0.0.5"
    split "~0.2.10"

split@~0.2.10:
  version "0.2.10"
  resolved "https://registry.yarnpkg.com/split/-/split-0.2.10.tgz#67097c601d697ce1368f418f06cd201cf0521a57"
  integrity sha1-Zwl8YB1pfOE2j0GPBs0gHPBSGlc=
  dependencies:
    through "2"

string_decoder@~1.1.1:
  version "1.1.1"
  resolved "https://registry.yarnpkg.com/string_decoder/-/string_decoder-1.1.1.tgz#9cf1611ba62685d7030ae9e4ba34149c3af03fc8"
  integrity sha512-n/ShnvDi6FHbbVfviro+WojiFzv+s8MPMHBczVePfUpDJLwoLT0ht1l4YwBCbi8pJAveEEdnkHyPyTP/mzRfwg==
  dependencies:
    safe-buffer "~5.1.0"

supercluster@^6.0.1:
  version "6.0.1"
  resolved "https://registry.yarnpkg.com/supercluster/-/supercluster-6.0.1.tgz#4c0177d96daa195d58a5bad9f55dbf12fb727a4c"
  integrity sha512-NTth/FBFUt9mwW03+Z6Byscex+UHu0utroIe6uXjGu9PrTuWtW70LYv9I1vPSYYIHQL74S5zAkrXrHEk0L7dGA==
  dependencies:
    kdbush "^3.0.0"

through@2:
  version "2.3.8"
  resolved "https://registry.yarnpkg.com/through/-/through-2.3.8.tgz#0dd4c9ffaabc357960b1b724115d7e0e86a2e1f5"
  integrity sha1-DdTJ/6q8NXlgsbckEV1+Doai4fU=

tinyqueue@^2.0.0:
  version "2.0.2"
  resolved "https://registry.yarnpkg.com/tinyqueue/-/tinyqueue-2.0.2.tgz#b4fe66d28a5b503edb99c149f87910059782a0cc"
  integrity sha512-1oUV+ZAQaeaf830ui/p5JZpzGBw46qs1pKHcfqIc6/QxYDQuEmcBLIhiT0xAxLnekz+qxQusubIYk4cAS8TB2A==

to-utf8@0.0.1:
  version "0.0.1"
  resolved "https://registry.yarnpkg.com/to-utf8/-/to-utf8-0.0.1.tgz#d17aea72ff2fba39b9e43601be7b3ff72e089852"
  integrity sha1-0Xrqcv8vujm55DYBvns/9y4ImFI=

toggle-selection@^1.0.6:
  version "1.0.6"
  resolved "https://registry.yarnpkg.com/toggle-selection/-/toggle-selection-1.0.6.tgz#6e45b1263f2017fa0acc7d89d78b15b8bf77da32"
  integrity sha1-bkWxJj8gF/oKzH2J14sVuL932jI=

traverse@~0.6.6:
  version "0.6.6"
  resolved "https://registry.yarnpkg.com/traverse/-/traverse-0.6.6.tgz#cbdf560fd7b9af632502fed40f918c157ea97137"
  integrity sha1-y99WD9e5r2MlAv7UD5GMFX6pcTc=

typedarray@^0.0.6:
  version "0.0.6"
  resolved "https://registry.yarnpkg.com/typedarray/-/typedarray-0.0.6.tgz#867ac74e3864187b1d3d47d996a78ec5c8830777"
  integrity sha1-hnrHTjhkGHsdPUfZlqeOxciDB3c=

util-deprecate@~1.0.1:
  version "1.0.2"
  resolved "https://registry.yarnpkg.com/util-deprecate/-/util-deprecate-1.0.2.tgz#450d4dc9fa70de732762fbd2d4a28981419a0ccf"
  integrity sha1-RQ1Nyfpw3nMnYvvS1KKJgUGaDM8=

vt-pbf@^3.1.1:
  version "3.1.1"
  resolved "https://registry.yarnpkg.com/vt-pbf/-/vt-pbf-3.1.1.tgz#b0f627e39a10ce91d943b898ed2363d21899fb82"
  integrity sha512-pHjWdrIoxurpmTcbfBWXaPwSmtPAHS105253P1qyEfSTV2HJddqjM+kIHquaT/L6lVJIk9ltTGc0IxR/G47hYA==
  dependencies:
    "@mapbox/point-geometry" "0.1.0"
    "@mapbox/vector-tile" "^1.3.1"
    pbf "^3.0.5"

wgs84@0.0.0:
  version "0.0.0"
  resolved "https://registry.yarnpkg.com/wgs84/-/wgs84-0.0.0.tgz#34fdc555917b6e57cf2a282ed043710c049cdc76"
  integrity sha1-NP3FVZF7blfPKigu0ENxDASc3HY=
